
Microsoft Visual Studio Solution File, Format Version 12.00
# Visual Studio 2013
VisualStudioVersion = 12.0.21005.1
MinimumVisualStudioVersion = 10.0.40219.1
Project("{FAE04EC0-301F-11D3-BF4B-00C04F79EFBC}") = "SwaggerClickear", "SwaggerClickear\SwaggerClickear.csproj", "{F235A5DF-9DDF-465A-9F13-A0EA849E46AB}"
EndProject
Global
	GlobalSection(SolutionConfigurationPlatforms) = preSolution
		Debug|Any CPU = Debug|Any CPU
		Release|Any CPU = Release|Any CPU
	EndGlobalSection
	GlobalSection(ProjectConfigurationPlatforms) = postSolution
		{F235A5DF-9DDF-465A-9F13-A0EA849E46AB}.Debug|Any CPU.ActiveCfg = Debug|Any CPU
		{F235A5DF-9DDF-465A-9F13-A0EA849E46AB}.Debug|Any CPU.Build.0 = Debug|Any CPU
		{F235A5DF-9DDF-465A-9F13-A0EA849E46AB}.Release|Any CPU.ActiveCfg = Release|Any CPU
		{F235A5DF-9DDF-465A-9F13-A0EA849E46AB}.Release|Any CPU.Build.0 = Release|Any CPU
	EndGlobalSection
	GlobalSection(SolutionProperties) = preSolution
		HideSolutionNode = FALSE
	EndGlobalSection
EndGlobal
